
Microsoft Visual Studio Solution File, Format Version 12.00
# Visual Studio Version 17
VisualStudioVersion = 17.7.34221.43
MinimumVisualStudioVersion = 10.0.40219.1
Project("{FAE04EC0-301F-11D3-BF4B-00C04F79EFBC}") = "Assignment 15", "Assignment 15\Assignment 15.csproj", "{A8BC574A-F4D4-4128-972A-E5257F96612B}"
EndProject
Global
	GlobalSection(SolutionConfigurationPlatforms) = preSolution
		Debug|Any CPU = Debug|Any CPU
		Release|Any CPU = Release|Any CPU
	EndGlobalSection
	GlobalSection(ProjectConfigurationPlatforms) = postSolution
		{A8BC574A-F4D4-4128-972A-E5257F96612B}.Debug|Any CPU.ActiveCfg = Debug|Any CPU
		{A8BC574A-F4D4-4128-972A-E5257F96612B}.Debug|Any CPU.Build.0 = Debug|Any CPU
		{A8BC574A-F4D4-4128-972A-E5257F96612B}.Release|Any CPU.ActiveCfg = Release|Any CPU
		{A8BC574A-F4D4-4128-972A-E5257F96612B}.Release|Any CPU.Build.0 = Release|Any CPU
	EndGlobalSection
	GlobalSection(SolutionProperties) = preSolution
		HideSolutionNode = FALSE
	EndGlobalSection
	GlobalSection(ExtensibilityGlobals) = postSolution
		SolutionGuid = {1225FDD4-898B-4A3F-B9C0-383F94E8C4E6}
	EndGlobalSection
EndGlobal
